
Microsoft Visual Studio Solution File, Format Version 12.00
# Visual Studio Version 16
VisualStudioVersion = 16.0.31624.102
MinimumVisualStudioVersion = 10.0.40219.1
Project("{FAE04EC0-301F-11D3-BF4B-00C04F79EFBC}") = "DESTOP CLIENT APPLICATION", "DESTOP CLIENT APPLICATION.csproj", "{12F65CB4-27CE-4D09-BE39-25DF051B36F3}"
EndProject
Global
	GlobalSection(SolutionConfigurationPlatforms) = preSolution
		Debug|Any CPU = Debug|Any CPU
		Release|Any CPU = Release|Any CPU
	EndGlobalSection
	GlobalSection(ProjectConfigurationPlatforms) = postSolution
		{12F65CB4-27CE-4D09-BE39-25DF051B36F3}.Debug|Any CPU.ActiveCfg = Debug|Any CPU
		{12F65CB4-27CE-4D09-BE39-25DF051B36F3}.Debug|Any CPU.Build.0 = Debug|Any CPU
		{12F65CB4-27CE-4D09-BE39-25DF051B36F3}.Release|Any CPU.ActiveCfg = Release|Any CPU
		{12F65CB4-27CE-4D09-BE39-25DF051B36F3}.Release|Any CPU.Build.0 = Release|Any CPU
	EndGlobalSection
	GlobalSection(SolutionProperties) = preSolution
		HideSolutionNode = FALSE
	EndGlobalSection
	GlobalSection(ExtensibilityGlobals) = postSolution
		SolutionGuid = {670F185F-F328-4C27-B200-27712B077151}
	EndGlobalSection
EndGlobal
